
Microsoft Visual Studio Solution File, Format Version 12.00
# Visual Studio Version 16
VisualStudioVersion = 16.0.29519.87
MinimumVisualStudioVersion = 10.0.40219.1
Project("{FAE04EC0-301F-11D3-BF4B-00C04F79EFBC}") = "Hello World", "Hello World.csproj", "{5DB73F24-8267-48BE-AA9D-0BD643B6A80C}"
EndProject
Project("{FAE04EC0-301F-11D3-BF4B-00C04F79EFBC}") = "Hexagones", "..\Hexagones\Hexagones.csproj", "{B4D8E68A-4047-4731-8309-764DC8CB6586}"
EndProject
Global
	GlobalSection(SolutionConfigurationPlatforms) = preSolution
		Debug|Any CPU = Debug|Any CPU
		Release|Any CPU = Release|Any CPU
	EndGlobalSection
	GlobalSection(ProjectConfigurationPlatforms) = postSolution
		{5DB73F24-8267-48BE-AA9D-0BD643B6A80C}.Debug|Any CPU.ActiveCfg = Debug|Any CPU
		{5DB73F24-8267-48BE-AA9D-0BD643B6A80C}.Debug|Any CPU.Build.0 = Debug|Any CPU
		{5DB73F24-8267-48BE-AA9D-0BD643B6A80C}.Release|Any CPU.ActiveCfg = Release|Any CPU
		{5DB73F24-8267-48BE-AA9D-0BD643B6A80C}.Release|Any CPU.Build.0 = Release|Any CPU
		{B4D8E68A-4047-4731-8309-764DC8CB6586}.Debug|Any CPU.ActiveCfg = Debug|Any CPU
		{B4D8E68A-4047-4731-8309-764DC8CB6586}.Debug|Any CPU.Build.0 = Debug|Any CPU
		{B4D8E68A-4047-4731-8309-764DC8CB6586}.Release|Any CPU.ActiveCfg = Release|Any CPU
		{B4D8E68A-4047-4731-8309-764DC8CB6586}.Release|Any CPU.Build.0 = Release|Any CPU
	EndGlobalSection
	GlobalSection(SolutionProperties) = preSolution
		HideSolutionNode = FALSE
	EndGlobalSection
	GlobalSection(ExtensibilityGlobals) = postSolution
		SolutionGuid = {31C91D98-179F-4C49-B9A8-C7DEE6ADC5EE}
	EndGlobalSection
EndGlobal
